
Microsoft Visual Studio Solution File, Format Version 12.00
# Visual Studio Version 16
VisualStudioVersion = 16.0.34301.259
MinimumVisualStudioVersion = 10.0.40219.1
Project("{E24C65DC-7377-472B-9ABA-BC803B73C61A}") = "Bai 6.2 - Mypham", ".", "{F5D39E36-DA21-473A-A31E-353CF566CE91}"
	ProjectSection(WebsiteProperties) = preProject
		TargetFrameworkMoniker = ".NETFramework,Version%3Dv4.0"
		Debug.AspNetCompiler.VirtualPath = "/localhost_64069"
		Debug.AspNetCompiler.PhysicalPath = "..\Bai 6.2 - Mypham\"
		Debug.AspNetCompiler.TargetPath = "PrecompiledWeb\localhost_64069\"
		Debug.AspNetCompiler.Updateable = "true"
		Debug.AspNetCompiler.ForceOverwrite = "true"
		Debug.AspNetCompiler.FixedNames = "false"
		Debug.AspNetCompiler.Debug = "True"
		Release.AspNetCompiler.VirtualPath = "/localhost_64069"
		Release.AspNetCompiler.PhysicalPath = "..\Bai 6.2 - Mypham\"
		Release.AspNetCompiler.TargetPath = "PrecompiledWeb\localhost_64069\"
		Release.AspNetCompiler.Updateable = "true"
		Release.AspNetCompiler.ForceOverwrite = "true"
		Release.AspNetCompiler.FixedNames = "false"
		Release.AspNetCompiler.Debug = "False"
		VWDPort = "64069"
		SlnRelativePath = "..\Bai 6.2 - Mypham\"
	EndProjectSection
EndProject
Global
	GlobalSection(SolutionConfigurationPlatforms) = preSolution
		Debug|Any CPU = Debug|Any CPU
	EndGlobalSection
	GlobalSection(ProjectConfigurationPlatforms) = postSolution
		{F5D39E36-DA21-473A-A31E-353CF566CE91}.Debug|Any CPU.ActiveCfg = Debug|Any CPU
		{F5D39E36-DA21-473A-A31E-353CF566CE91}.Debug|Any CPU.Build.0 = Debug|Any CPU
	EndGlobalSection
	GlobalSection(SolutionProperties) = preSolution
		HideSolutionNode = FALSE
	EndGlobalSection
	GlobalSection(ExtensibilityGlobals) = postSolution
		SolutionGuid = {2793DE39-96F7-4E79-B565-B3771D53C3CE}
	EndGlobalSection
EndGlobal
